
Microsoft Visual Studio Solution File, Format Version 12.00
# Visual Studio Version 16
VisualStudioVersion = 16.0.30204.135
MinimumVisualStudioVersion = 10.0.40219.1
Project("{FAE04EC0-301F-11D3-BF4B-00C04F79EFBC}") = "WebApplication1", "WebApplication1\WebApplication1.csproj", "{519D4260-15C7-4F3F-9330-FA864E8EE07B}"
EndProject
Global
	GlobalSection(SolutionConfigurationPlatforms) = preSolution
		Debug|Any CPU = Debug|Any CPU
		Release|Any CPU = Release|Any CPU
	EndGlobalSection
	GlobalSection(ProjectConfigurationPlatforms) = postSolution
		{519D4260-15C7-4F3F-9330-FA864E8EE07B}.Debug|Any CPU.ActiveCfg = Debug|Any CPU
		{519D4260-15C7-4F3F-9330-FA864E8EE07B}.Debug|Any CPU.Build.0 = Debug|Any CPU
		{519D4260-15C7-4F3F-9330-FA864E8EE07B}.Release|Any CPU.ActiveCfg = Release|Any CPU
		{519D4260-15C7-4F3F-9330-FA864E8EE07B}.Release|Any CPU.Build.0 = Release|Any CPU
	EndGlobalSection
	GlobalSection(SolutionProperties) = preSolution
		HideSolutionNode = FALSE
	EndGlobalSection
	GlobalSection(ExtensibilityGlobals) = postSolution
		SolutionGuid = {67B5A9D7-1199-4274-8F39-318C485FA7B4}
	EndGlobalSection
EndGlobal
